dependencies:
- name: tsuru-api
  repository: https://impaas.github.io/charts
  version: 0.2.24
- name: kubernetes-router
  repository: https://impaas.github.io/charts
  version: 0.1.16
- name: ingress-nginx
  repository: https://kubernetes.github.io/ingress-nginx
  version: 4.10.1
- name: tsuru-monitoring
  repository: https://tsuru.github.io/charts
  version: 0.1.1
- name: docker-registry
  repository: https://helm.twun.io
  version: 1.10.1
- name: mongodb
  repository: https://charts.bitnami.com/bitnami
  version: 12.1.31
- name: cert-manager
  repository: https://charts.jetstack.io
  version: v1.3.1
- name: deploy-agent
  repository: https://tsuru.github.io/charts
  version: 1.4.6
digest: sha256:fb33b176b383bd582eccda3638260a051ca9f3cab9731246e4e33f628046ad67
generated: "2024-05-13T22:29:44.916660415+01:00"
